
Microsoft Visual Studio Solution File, Format Version 12.00
# Visual Studio 2013
VisualStudioVersion = 12.0.30501.0
MinimumVisualStudioVersion = 10.0.40219.1
Project("{FAE04EC0-301F-11D3-BF4B-00C04F79EFBC}") = "Eid.MVC", "Eid.MVC\Eid.MVC.csproj", "{4DF37322-7DE9-45E6-A1C7-A3027EAFC701}"
	ProjectSection(ProjectDependencies) = postProject
		{10253242-5630-45C9-BB40-0E521356CEA5} = {10253242-5630-45C9-BB40-0E521356CEA5}
		{2D5652A3-6735-42A2-8546-8F9C23E7AEF3} = {2D5652A3-6735-42A2-8546-8F9C23E7AEF3}
	EndProjectSection
EndProject
Project("{FAE04EC0-301F-11D3-BF4B-00C04F79EFBC}") = "Eid.MVC.Tests", "Eid.MVC.Tests\Eid.MVC.Tests.csproj", "{969B7DCF-9757-4AC5-A503-1646EB53A0BA}"
EndProject
Project("{FAE04EC0-301F-11D3-BF4B-00C04F79EFBC}") = "AspNet.Identity.Abstract", "AspNet.Identity.Abstract\AspNet.Identity.Abstract.csproj", "{10253242-5630-45C9-BB40-0E521356CEA5}"
EndProject
Project("{FAE04EC0-301F-11D3-BF4B-00C04F79EFBC}") = "AspNet.Identity.Concret.NHibernate", "AspNet.Identity.Concret.NHibernate\AspNet.Identity.Concret.NHibernate.csproj", "{2D5652A3-6735-42A2-8546-8F9C23E7AEF3}"
	ProjectSection(ProjectDependencies) = postProject
		{10253242-5630-45C9-BB40-0E521356CEA5} = {10253242-5630-45C9-BB40-0E521356CEA5}
	EndProjectSection
EndProject
Global
	GlobalSection(SolutionConfigurationPlatforms) = preSolution
		Debug|Any CPU = Debug|Any CPU
		Release|Any CPU = Release|Any CPU
	EndGlobalSection
	GlobalSection(ProjectConfigurationPlatforms) = postSolution
		{4DF37322-7DE9-45E6-A1C7-A3027EAFC701}.Debug|Any CPU.ActiveCfg = Debug|Any CPU
		{4DF37322-7DE9-45E6-A1C7-A3027EAFC701}.Debug|Any CPU.Build.0 = Debug|Any CPU
		{4DF37322-7DE9-45E6-A1C7-A3027EAFC701}.Release|Any CPU.ActiveCfg = Release|Any CPU
		{4DF37322-7DE9-45E6-A1C7-A3027EAFC701}.Release|Any CPU.Build.0 = Release|Any CPU
		{969B7DCF-9757-4AC5-A503-1646EB53A0BA}.Debug|Any CPU.ActiveCfg = Debug|Any CPU
		{969B7DCF-9757-4AC5-A503-1646EB53A0BA}.Debug|Any CPU.Build.0 = Debug|Any CPU
		{969B7DCF-9757-4AC5-A503-1646EB53A0BA}.Release|Any CPU.ActiveCfg = Release|Any CPU
		{969B7DCF-9757-4AC5-A503-1646EB53A0BA}.Release|Any CPU.Build.0 = Release|Any CPU
		{10253242-5630-45C9-BB40-0E521356CEA5}.Debug|Any CPU.ActiveCfg = Debug|Any CPU
		{10253242-5630-45C9-BB40-0E521356CEA5}.Debug|Any CPU.Build.0 = Debug|Any CPU
		{10253242-5630-45C9-BB40-0E521356CEA5}.Release|Any CPU.ActiveCfg = Release|Any CPU
		{10253242-5630-45C9-BB40-0E521356CEA5}.Release|Any CPU.Build.0 = Release|Any CPU
		{2D5652A3-6735-42A2-8546-8F9C23E7AEF3}.Debug|Any CPU.ActiveCfg = Debug|Any CPU
		{2D5652A3-6735-42A2-8546-8F9C23E7AEF3}.Debug|Any CPU.Build.0 = Debug|Any CPU
		{2D5652A3-6735-42A2-8546-8F9C23E7AEF3}.Release|Any CPU.ActiveCfg = Release|Any CPU
		{2D5652A3-6735-42A2-8546-8F9C23E7AEF3}.Release|Any CPU.Build.0 = Release|Any CPU
	EndGlobalSection
	GlobalSection(SolutionProperties) = preSolution
		HideSolutionNode = FALSE
	EndGlobalSection
EndGlobal
